
Microsoft Visual Studio Solution File, Format Version 12.00
# Visual Studio 15
VisualStudioVersion = 15.0.27703.2035
MinimumVisualStudioVersion = 10.0.40219.1
Project("{FAE04EC0-301F-11D3-BF4B-00C04F79EFBC}") = "04.Web.MVC", "04.Web.MVC\04.Web.MVC.csproj", "{3888E580-5710-496A-8D0D-B3AF252C7E2A}"
EndProject
Global
	GlobalSection(SolutionConfigurationPlatforms) = preSolution
		Debug|Any CPU = Debug|Any CPU
		Release|Any CPU = Release|Any CPU
	EndGlobalSection
	GlobalSection(ProjectConfigurationPlatforms) = postSolution
		{3888E580-5710-496A-8D0D-B3AF252C7E2A}.Debug|Any CPU.ActiveCfg = Debug|Any CPU
		{3888E580-5710-496A-8D0D-B3AF252C7E2A}.Debug|Any CPU.Build.0 = Debug|Any CPU
		{3888E580-5710-496A-8D0D-B3AF252C7E2A}.Release|Any CPU.ActiveCfg = Release|Any CPU
		{3888E580-5710-496A-8D0D-B3AF252C7E2A}.Release|Any CPU.Build.0 = Release|Any CPU
	EndGlobalSection
	GlobalSection(SolutionProperties) = preSolution
		HideSolutionNode = FALSE
	EndGlobalSection
	GlobalSection(ExtensibilityGlobals) = postSolution
		SolutionGuid = {5FF5647C-FBDA-44F3-B518-38CA14B885C6}
	EndGlobalSection
EndGlobal
